// !$*UTF8*$!
{
	archiveVersion = 1;
	classes = {
	};
	objectVersion = 52;
	objects = {

/* Begin PBXBuildFile section */
		6D06CAF327B4959800FAB053 /* ProfileButtonsView.swift in Sources */ = {isa = PBXBuildFile; fileRef = 6D06CAF227B4959700FAB053 /* ProfileButtonsView.swift */; };
		6D06CAF527B4969400FAB053 /* ProfileTipView.swift in Sources */ = {isa = PBXBuildFile; fileRef = 6D06CAF427B4969400FAB053 /* ProfileTipView.swift */; };
		6D06CAF727B4973E00FAB053 /* ProfileUserImageView.swift in Sources */ = {isa = PBXBuildFile; fileRef = 6D06CAF627B4973E00FAB053 /* ProfileUserImageView.swift */; };
		6D06CAFA27B497FD00FAB053 /* ProfileUserInfoView.swift in Sources */ = {isa = PBXBuildFile; fileRef = 6D06CAF927B497FD00FAB053 /* ProfileUserInfoView.swift */; };
		6D06CAFE27B4995200FAB053 /* Message.swift in Sources */ = {isa = PBXBuildFile; fileRef = 6D06CAFD27B4995200FAB053 /* Message.swift */; };
		6D06CB0027B499D200FAB053 /* Person.swift in Sources */ = {isa = PBXBuildFile; fileRef = 6D06CAFF27B499D200FAB053 /* Person.swift */; };
		6D06CB0327B49AAC00FAB053 /* MessagePreview.swift in Sources */ = {isa = PBXBuildFile; fileRef = 6D06CB0227B49AAC00FAB053 /* MessagePreview.swift */; };
		6D06CB0527B49B6700FAB053 /* MessageView.swift in Sources */ = {isa = PBXBuildFile; fileRef = 6D06CB0427B49B6700FAB053 /* MessageView.swift */; };
		6D06CB0A27B49F8C00FAB053 /* ChatViewModel.swift in Sources */ = {isa = PBXBuildFile; fileRef = 6D06CB0927B49F8C00FAB053 /* ChatViewModel.swift */; };
		6D06CB0E27B4A0C100FAB053 /* ChatView.swift in Sources */ = {isa = PBXBuildFile; fileRef = 6D06CB0D27B4A0C100FAB053 /* ChatView.swift */; };
		6D06CB1027B4A35000FAB053 /* ChatViewHeader.swift in Sources */ = {isa = PBXBuildFile; fileRef = 6D06CB0F27B4A35000FAB053 /* ChatViewHeader.swift */; };
		6D71847D27ABDCB30001B26D /* Color+Extensions.swift in Sources */ = {isa = PBXBuildFile; fileRef = 6D71847C27ABDCB30001B26D /* Color+Extensions.swift */; };
		6DC0671227AA8B5500796ADB /* TinderCloneAppApp.swift in Sources */ = {isa = PBXBuildFile; fileRef = 6DC0671127AA8B5500796ADB /* TinderCloneAppApp.swift */; };
		6DC0671427AA8B5500796ADB /* ContentView.swift in Sources */ = {isa = PBXBuildFile; fileRef = 6DC0671327AA8B5500796ADB /* ContentView.swift */; };
		6DC0671627AA8B5700796ADB /* Assets.xcassets in Resources */ = {isa = PBXBuildFile; fileRef = 6DC0671527AA8B5700796ADB /* Assets.xcassets */; };
		6DC0671927AA8B5700796ADB /* Preview Assets.xcassets in Resources */ = {isa = PBXBuildFile; fileRef = 6DC0671827AA8B5700796ADB /* Preview Assets.xcassets */; };
		6DC0672127AA8F1200796ADB /* MainView.swift in Sources */ = {isa = PBXBuildFile; fileRef = 6DC0672027AA8F1200796ADB /* MainView.swift */; };
		6DC0672327AA904900796ADB /* TabBarButtonView.swift in Sources */ = {isa = PBXBuildFile; fileRef = 6DC0672227AA904900796ADB /* TabBarButtonView.swift */; };
		6DC3E8AA27AAA9F4006F4129 /* AppStateManager.swift in Sources */ = {isa = PBXBuildFile; fileRef = 6DC3E8A927AAA9F4006F4129 /* AppStateManager.swift */; };
		6DC3E8AC27AAAB74006F4129 /* TabBarButtonType.swift in Sources */ = {isa = PBXBuildFile; fileRef = 6DC3E8AB27AAAB74006F4129 /* TabBarButtonType.swift */; };
		6DC3E8AE27AAAD54006F4129 /* UIView+Extensions.swift in Sources */ = {isa = PBXBuildFile; fileRef = 6DC3E8AD27AAAD54006F4129 /* UIView+Extensions.swift */; };
		6DC5982F27AB2D820061097A /* ProfileView.swift in Sources */ = {isa = PBXBuildFile; fileRef = 6DC5982E27AB2D820061097A /* ProfileView.swift */; };
		6DC5983127AB2DB60061097A /* RoundedImage.swift in Sources */ = {isa = PBXBuildFile; fileRef = 6DC5983027AB2DB60061097A /* RoundedImage.swift */; };
		6DC5983427AB308A0061097A /* KingfisherSwiftUI in Frameworks */ = {isa = PBXBuildFile; productRef = 6DC5983327AB308A0061097A /* KingfisherSwiftUI */; };
		6DD3606327AC4C7800C45039 /* ProfileSwipePromo.swift in Sources */ = {isa = PBXBuildFile; fileRef = 6DD3606227AC4C7800C45039 /* ProfileSwipePromo.swift */; };
		CC8C8B596AE5EC0B4832C8D1 /* Pods_TinderCloneApp.framework in Frameworks */ = {isa = PBXBuildFile; fileRef = 5481F00887DF391A3320907E /* Pods_TinderCloneApp.framework */; };
/* End PBXBuildFile section */

/* Begin PBXFileReference section */
		378EE657C2D30ECDCCD3DBDE /* Pods-TinderCloneApp.debug.xcconfig */ = {isa = PBXFileReference; includeInIndex = 1; lastKnownFileType = text.xcconfig; name = "Pods-TinderCloneApp.debug.xcconfig"; path = "Target Support Files/Pods-TinderCloneApp/Pods-TinderCloneApp.debug.xcconfig"; sourceTree = "<group>"; };
		5481F00887DF391A3320907E /* Pods_TinderCloneApp.framework */ = {isa = PBXFileReference; explicitFileType = wrapper.framework; includeInIndex = 0; path = Pods_TinderCloneApp.framework; sourceTree = BUILT_PRODUCTS_DIR; };
		5C093FC4E2872BFC9D3B745D /* Pods-TinderCloneApp.release.xcconfig */ = {isa = PBXFileReference; includeInIndex = 1; lastKnownFileType = text.xcconfig; name = "Pods-TinderCloneApp.release.xcconfig"; path = "Target Support Files/Pods-TinderCloneApp/Pods-TinderCloneApp.release.xcconfig"; sourceTree = "<group>"; };
		6D06CAF227B4959700FAB053 /* ProfileButtonsView.swift */ = {isa = PBXFileReference; lastKnownFileType = sourcecode.swift; path = ProfileButtonsView.swift; sourceTree = "<group>"; };
		6D06CAF427B4969400FAB053 /* ProfileTipView.swift */ = {isa = PBXFileReference; lastKnownFileType = sourcecode.swift; path = ProfileTipView.swift; sourceTree = "<group>"; };
		6D06CAF627B4973E00FAB053 /* ProfileUserImageView.swift */ = {isa = PBXFileReference; lastKnownFileType = sourcecode.swift; path = ProfileUserImageView.swift; sourceTree = "<group>"; };
		6D06CAF927B497FD00FAB053 /* ProfileUserInfoView.swift */ = {isa = PBXFileReference; lastKnownFileType = sourcecode.swift; path = ProfileUserInfoView.swift; sourceTree = "<group>"; };
		6D06CAFD27B4995200FAB053 /* Message.swift */ = {isa = PBXFileReference; lastKnownFileType = sourcecode.swift; path = Message.swift; sourceTree = "<group>"; };
		6D06CAFF27B499D200FAB053 /* Person.swift */ = {isa = PBXFileReference; lastKnownFileType = sourcecode.swift; path = Person.swift; sourceTree = "<group>"; };
		6D06CB0227B49AAC00FAB053 /* MessagePreview.swift */ = {isa = PBXFileReference; lastKnownFileType = sourcecode.swift; path = MessagePreview.swift; sourceTree = "<group>"; };
		6D06CB0427B49B6700FAB053 /* MessageView.swift */ = {isa = PBXFileReference; lastKnownFileType = sourcecode.swift; path = MessageView.swift; sourceTree = "<group>"; };
		6D06CB0927B49F8C00FAB053 /* ChatViewModel.swift */ = {isa = PBXFileReference; lastKnownFileType = sourcecode.swift; path = ChatViewModel.swift; sourceTree = "<group>"; };
		6D06CB0D27B4A0C100FAB053 /* ChatView.swift */ = {isa = PBXFileReference; lastKnownFileType = sourcecode.swift; path = ChatView.swift; sourceTree = "<group>"; };
		6D06CB0F27B4A35000FAB053 /* ChatViewHeader.swift */ = {isa = PBXFileReference; lastKnownFileType = sourcecode.swift; path = ChatViewHeader.swift; sourceTree = "<group>"; };
		6D71847C27ABDCB30001B26D /* Color+Extensions.swift */ = {isa = PBXFileReference; lastKnownFileType = sourcecode.swift; path = "Color+Extensions.swift"; sourceTree = "<group>"; };
		6DC0670E27AA8B5500796ADB /* TinderCloneApp.app */ = {isa = PBXFileReference; explicitFileType = wrapper.application; includeInIndex = 0; path = TinderCloneApp.app; sourceTree = BUILT_PRODUCTS_DIR; };
		6DC0671127AA8B5500796ADB /* TinderCloneAppApp.swift */ = {isa = PBXFileReference; lastKnownFileType = sourcecode.swift; path = TinderCloneAppApp.swift; sourceTree = "<group>"; };
		6DC0671327AA8B5500796ADB /* ContentView.swift */ = {isa = PBXFileReference; lastKnownFileType = sourcecode.swift; path = ContentView.swift; sourceTree = "<group>"; };
		6DC0671527AA8B5700796ADB /* Assets.xcassets */ = {isa = PBXFileReference; lastKnownFileType = folder.assetcatalog; path = Assets.xcassets; sourceTree = "<group>"; };
		6DC0671827AA8B5700796ADB /* Preview Assets.xcassets */ = {isa = PBXFileReference; lastKnownFileType = folder.assetcatalog; path = "Preview Assets.xcassets"; sourceTree = "<group>"; };
		6DC0671A27AA8B5700796ADB /* Info.plist */ = {isa = PBXFileReference; lastKnownFileType = text.plist.xml; path = Info.plist; sourceTree = "<group>"; };
		6DC0672027AA8F1200796ADB /* MainView.swift */ = {isa = PBXFileReference; lastKnownFileType = sourcecode.swift; path = MainView.swift; sourceTree = "<group>"; };
		6DC0672227AA904900796ADB /* TabBarButtonView.swift */ = {isa = PBXFileReference; lastKnownFileType = sourcecode.swift; path = TabBarButtonView.swift; sourceTree = "<group>"; };
		6DC3E8A927AAA9F4006F4129 /* AppStateManager.swift */ = {isa = PBXFileReference; lastKnownFileType = sourcecode.swift; path = AppStateManager.swift; sourceTree = "<group>"; };
		6DC3E8AB27AAAB74006F4129 /* TabBarButtonType.swift */ = {isa = PBXFileReference; lastKnownFileType = sourcecode.swift; path = TabBarButtonType.swift; sourceTree = "<group>"; };
		6DC3E8AD27AAAD54006F4129 /* UIView+Extensions.swift */ = {isa = PBXFileReference; lastKnownFileType = sourcecode.swift; path = "UIView+Extensions.swift"; sourceTree = "<group>"; };
		6DC5982E27AB2D820061097A /* ProfileView.swift */ = {isa = PBXFileReference; lastKnownFileType = sourcecode.swift; path = ProfileView.swift; sourceTree = "<group>"; };
		6DC5983027AB2DB60061097A /* RoundedImage.swift */ = {isa = PBXFileReference; lastKnownFileType = sourcecode.swift; path = RoundedImage.swift; sourceTree = "<group>"; };
		6DD3606227AC4C7800C45039 /* ProfileSwipePromo.swift */ = {isa = PBXFileReference; lastKnownFileType = sourcecode.swift; path = ProfileSwipePromo.swift; sourceTree = "<group>"; };
/* End PBXFileReference section */

/* Begin PBXFrameworksBuildPhase section */
		6DC0670B27AA8B5500796ADB /* Frameworks */ = {
			isa = PBXFrameworksBuildPhase;
			buildActionMask = 2147483647;
			files = (
				6DC5983427AB308A0061097A /* KingfisherSwiftUI in Frameworks */,
				CC8C8B596AE5EC0B4832C8D1 /* Pods_TinderCloneApp.framework in Frameworks */,
			);
			runOnlyForDeploymentPostprocessing = 0;
		};
/* End PBXFrameworksBuildPhase section */

/* Begin PBXGroup section */
		3CE7D82A5DD875F58FC49323 /* Pods */ = {
			isa = PBXGroup;
			children = (
				378EE657C2D30ECDCCD3DBDE /* Pods-TinderCloneApp.debug.xcconfig */,
				5C093FC4E2872BFC9D3B745D /* Pods-TinderCloneApp.release.xcconfig */,
			);
			path = Pods;
			sourceTree = "<group>";
		};
		6D06CAFB27B4990700FAB053 /* Message */ = {
			isa = PBXGroup;
			children = (
				6D06CB0427B49B6700FAB053 /* MessageView.swift */,
				6D06CB0927B49F8C00FAB053 /* ChatViewModel.swift */,
				6D06CB0D27B4A0C100FAB053 /* ChatView.swift */,
				6D06CB0F27B4A35000FAB053 /* ChatViewHeader.swift */,
			);
			path = Message;
			sourceTree = "<group>";
		};
		6D06CAFC27B4991000FAB053 /* Model */ = {
			isa = PBXGroup;
			children = (
				6D06CAFD27B4995200FAB053 /* Message.swift */,
				6D06CAFF27B499D200FAB053 /* Person.swift */,
				6D06CB0227B49AAC00FAB053 /* MessagePreview.swift */,
			);
			path = Model;
			sourceTree = "<group>";
		};
		6DC0670527AA8B5500796ADB = {
			isa = PBXGroup;
			children = (
				6DC0671027AA8B5500796ADB /* TinderCloneApp */,
				6DC0670F27AA8B5500796ADB /* Products */,
				3CE7D82A5DD875F58FC49323 /* Pods */,
				F1FAB959FB4F6C75CA497612 /* Frameworks */,
			);
			sourceTree = "<group>";
		};
		6DC0670F27AA8B5500796ADB /* Products */ = {
			isa = PBXGroup;
			children = (
				6DC0670E27AA8B5500796ADB /* TinderCloneApp.app */,
			);
			name = Products;
			sourceTree = "<group>";
		};
		6DC0671027AA8B5500796ADB /* TinderCloneApp */ = {
			isa = PBXGroup;
			children = (
				6DC5983627AB325A0061097A /* Commons */,
				6DC5983527AB32430061097A /* Modules */,
				6DC0671A27AA8B5700796ADB /* Info.plist */,
				6DC0671527AA8B5700796ADB /* Assets.xcassets */,
				6DC0671727AA8B5700796ADB /* Preview Content */,
			);
			path = TinderCloneApp;
			sourceTree = "<group>";
		};
		6DC0671727AA8B5700796ADB /* Preview Content */ = {
			isa = PBXGroup;
			children = (
				6DC0671827AA8B5700796ADB /* Preview Assets.xcassets */,
			);
			path = "Preview Content";
			sourceTree = "<group>";
		};
		6DC3E8AF27AAB67A006F4129 /* MainTabBar */ = {
			isa = PBXGroup;
			children = (
				6DC3E8AB27AAAB74006F4129 /* TabBarButtonType.swift */,
				6DC0672027AA8F1200796ADB /* MainView.swift */,
				6DC0672227AA904900796ADB /* TabBarButtonView.swift */,
			);
			path = MainTabBar;
			sourceTree = "<group>";
		};
		6DC5982927AB2D460061097A /* Aplication */ = {
			isa = PBXGroup;
			children = (
				6DC0671127AA8B5500796ADB /* TinderCloneAppApp.swift */,
				6DC0671327AA8B5500796ADB /* ContentView.swift */,
				6DC3E8A927AAA9F4006F4129 /* AppStateManager.swift */,
			);
			path = Aplication;
			sourceTree = "<group>";
		};
		6DC5982A27AB2D510061097A /* Profile */ = {
			isa = PBXGroup;
			children = (
				6DC5982E27AB2D820061097A /* ProfileView.swift */,
				6DD3606227AC4C7800C45039 /* ProfileSwipePromo.swift */,
				6D06CAF227B4959700FAB053 /* ProfileButtonsView.swift */,
				6D06CAF427B4969400FAB053 /* ProfileTipView.swift */,
				6D06CAF627B4973E00FAB053 /* ProfileUserImageView.swift */,
				6D06CAF927B497FD00FAB053 /* ProfileUserInfoView.swift */,
			);
			path = Profile;
			sourceTree = "<group>";
		};
		6DC5983527AB32430061097A /* Modules */ = {
			isa = PBXGroup;
			children = (
				6D06CAFB27B4990700FAB053 /* Message */,
				6DC5982927AB2D460061097A /* Aplication */,
				6DC3E8AF27AAB67A006F4129 /* MainTabBar */,
				6DC5982A27AB2D510061097A /* Profile */,
			);
			path = Modules;
			sourceTree = "<group>";
		};
		6DC5983627AB325A0061097A /* Commons */ = {
			isa = PBXGroup;
			children = (
				6D06CAFC27B4991000FAB053 /* Model */,
				6DC5983727AB325F0061097A /* Components */,
				6DC5983827AB32680061097A /* Extensions */,
			);
			path = Commons;
			sourceTree = "<group>";
		};
		6DC5983727AB325F0061097A /* Components */ = {
			isa = PBXGroup;
			children = (
				6DC5983027AB2DB60061097A /* RoundedImage.swift */,
			);
			path = Components;
			sourceTree = "<group>";
		};
		6DC5983827AB32680061097A /* Extensions */ = {
			isa = PBXGroup;
			children = (
				6DC3E8AD27AAAD54006F4129 /* UIView+Extensions.swift */,
				6D71847C27ABDCB30001B26D /* Color+Extensions.swift */,
			);
			path = Extensions;
			sourceTree = "<group>";
		};
		F1FAB959FB4F6C75CA497612 /* Frameworks */ = {
			isa = PBXGroup;
			children = (
				5481F00887DF391A3320907E /* Pods_TinderCloneApp.framework */,
			);
			name = Frameworks;
			sourceTree = "<group>";
		};
/* End PBXGroup section */

/* Begin PBXNativeTarget section */
		6DC0670D27AA8B5500796ADB /* TinderCloneApp */ = {
			isa = PBXNativeTarget;
			buildConfigurationList = 6DC0671D27AA8B5700796ADB /* Build configuration list for PBXNativeTarget "TinderCloneApp" */;
			buildPhases = (
				4EF8B8D7D13502C1CD072877 /* [CP] Check Pods Manifest.lock */,
				6DC0670A27AA8B5500796ADB /* Sources */,
				6DC0670B27AA8B5500796ADB /* Frameworks */,
				6DC0670C27AA8B5500796ADB /* Resources */,
				6625F754E5037EDD56AD425D /* [CP] Embed Pods Frameworks */,
			);
			buildRules = (
			);
			dependencies = (
			);
			name = TinderCloneApp;
			packageProductDependencies = (
				6DC5983327AB308A0061097A /* KingfisherSwiftUI */,
			);
			productName = TinderCloneApp;
			productReference = 6DC0670E27AA8B5500796ADB /* TinderCloneApp.app */;
			productType = "com.apple.product-type.application";
		};
/* End PBXNativeTarget section */

/* Begin PBXProject section */
		6DC0670627AA8B5500796ADB /* Project object */ = {
			isa = PBXProject;
			attributes = {
				LastSwiftUpdateCheck = 1250;
				LastUpgradeCheck = 1250;
				TargetAttributes = {
					6DC0670D27AA8B5500796ADB = {
						CreatedOnToolsVersion = 12.5;
					};
				};
			};
			buildConfigurationList = 6DC0670927AA8B5500796ADB /* Build configuration list for PBXProject "TinderCloneApp" */;
			compatibilityVersion = "Xcode 9.3";
			developmentRegion = en;
			hasScannedForEncodings = 0;
			knownRegions = (
				en,
				Base,
			);
			mainGroup = 6DC0670527AA8B5500796ADB;
			packageReferences = (
				6DC5983227AB308A0061097A /* XCRemoteSwiftPackageReference "Kingfisher" */,
			);
			productRefGroup = 6DC0670F27AA8B5500796ADB /* Products */;
			projectDirPath = "";
			projectRoot = "";
			targets = (
				6DC0670D27AA8B5500796ADB /* TinderCloneApp */,
			);
		};
/* End PBXProject section */

/* Begin PBXResourcesBuildPhase section */
		6DC0670C27AA8B5500796ADB /* Resources */ = {
			isa = PBXResourcesBuildPhase;
			buildActionMask = 2147483647;
			files = (
				6DC0671927AA8B5700796ADB /* Preview Assets.xcassets in Resources */,
				6DC0671627AA8B5700796ADB /* Assets.xcassets in Resources */,
			);
			runOnlyForDeploymentPostprocessing = 0;
		};
/* End PBXResourcesBuildPhase section */

/* Begin PBXShellScriptBuildPhase section */
		4EF8B8D7D13502C1CD072877 /* [CP] Check Pods Manifest.lock */ = {
			isa = PBXShellScriptBuildPhase;
			buildActionMask = 2147483647;
			files = (
			);
			inputFileListPaths = (
			);
			inputPaths = (
				"${PODS_PODFILE_DIR_PATH}/Podfile.lock",
				"${PODS_ROOT}/Manifest.lock",
			);
			name = "[CP] Check Pods Manifest.lock";
			outputFileListPaths = (
			);
			outputPaths = (
				"$(DERIVED_FILE_DIR)/Pods-TinderCloneApp-checkManifestLockResult.txt",
			);
			runOnlyForDeploymentPostprocessing = 0;
			shellPath = /bin/sh;
			shellScript = "diff \"${PODS_PODFILE_DIR_PATH}/Podfile.lock\" \"${PODS_ROOT}/Manifest.lock\" > /dev/null\nif [ $? != 0 ] ; then\n    # print error to STDERR\n    echo \"error: The sandbox is not in sync with the Podfile.lock. Run 'pod install' or update your CocoaPods installation.\" >&2\n    exit 1\nfi\n# This output is used by Xcode 'outputs' to avoid re-running this script phase.\necho \"SUCCESS\" > \"${SCRIPT_OUTPUT_FILE_0}\"\n";
			showEnvVarsInLog = 0;
		};
		6625F754E5037EDD56AD425D /* [CP] Embed Pods Frameworks */ = {
			isa = PBXShellScriptBuildPhase;
			buildActionMask = 2147483647;
			files = (
			);
			inputFileListPaths = (
				"${PODS_ROOT}/Target Support Files/Pods-TinderCloneApp/Pods-TinderCloneApp-frameworks-${CONFIGURATION}-input-files.xcfilelist",
			);
			name = "[CP] Embed Pods Frameworks";
			outputFileListPaths = (
				"${PODS_ROOT}/Target Support Files/Pods-TinderCloneApp/Pods-TinderCloneApp-frameworks-${CONFIGURATION}-output-files.xcfilelist",
			);
			runOnlyForDeploymentPostprocessing = 0;
			shellPath = /bin/sh;
			shellScript = "\"${PODS_ROOT}/Target Support Files/Pods-TinderCloneApp/Pods-TinderCloneApp-frameworks.sh\"\n";
			showEnvVarsInLog = 0;
		};
/* End PBXShellScriptBuildPhase section */

/* Begin PBXSourcesBuildPhase section */
		6DC0670A27AA8B5500796ADB /* Sources */ = {
			isa = PBXSourcesBuildPhase;
			buildActionMask = 2147483647;
			files = (
				6DC5982F27AB2D820061097A /* ProfileView.swift in Sources */,
				6DD3606327AC4C7800C45039 /* ProfileSwipePromo.swift in Sources */,
				6D06CAF327B4959800FAB053 /* ProfileButtonsView.swift in Sources */,
				6D06CB1027B4A35000FAB053 /* ChatViewHeader.swift in Sources */,
				6DC3E8AE27AAAD54006F4129 /* UIView+Extensions.swift in Sources */,
				6D06CB0E27B4A0C100FAB053 /* ChatView.swift in Sources */,
				6DC0672327AA904900796ADB /* TabBarButtonView.swift in Sources */,
				6DC5983127AB2DB60061097A /* RoundedImage.swift in Sources */,
				6DC0671427AA8B5500796ADB /* ContentView.swift in Sources */,
				6D06CAF727B4973E00FAB053 /* ProfileUserImageView.swift in Sources */,
				6D71847D27ABDCB30001B26D /* Color+Extensions.swift in Sources */,
				6DC0672127AA8F1200796ADB /* MainView.swift in Sources */,
				6DC0671227AA8B5500796ADB /* TinderCloneAppApp.swift in Sources */,
				6D06CB0527B49B6700FAB053 /* MessageView.swift in Sources */,
				6D06CB0327B49AAC00FAB053 /* MessagePreview.swift in Sources */,
				6DC3E8AA27AAA9F4006F4129 /* AppStateManager.swift in Sources */,
				6D06CAFA27B497FD00FAB053 /* ProfileUserInfoView.swift in Sources */,
				6D06CB0A27B49F8C00FAB053 /* ChatViewModel.swift in Sources */,
				6D06CAFE27B4995200FAB053 /* Message.swift in Sources */,
				6D06CB0027B499D200FAB053 /* Person.swift in Sources */,
				6D06CAF527B4969400FAB053 /* ProfileTipView.swift in Sources */,
				6DC3E8AC27AAAB74006F4129 /* TabBarButtonType.swift in Sources */,
			);
			runOnlyForDeploymentPostprocessing = 0;
		};
/* End PBXSourcesBuildPhase section */

/* Begin XCBuildConfiguration section */
		6DC0671B27AA8B5700796ADB /* Debug */ = {
			isa = XCBuildConfiguration;
			buildSettings = {
				ALWAYS_SEARCH_USER_PATHS = NO;
				CLANG_ANALYZER_NONNULL = YES;
				CLANG_ANALYZER_NUMBER_OBJECT_CONVERSION = YES_AGGRESSIVE;
				CLANG_CXX_LANGUAGE_STANDARD = "gnu++14";
				CLANG_CXX_LIBRARY = "libc++";
				CLANG_ENABLE_MODULES = YES;
				CLANG_ENABLE_OBJC_ARC = YES;
				CLANG_ENABLE_OBJC_WEAK = YES;
				CLANG_WARN_BLOCK_CAPTURE_AUTORELEASING = YES;
				CLANG_WARN_BOOL_CONVERSION = YES;
				CLANG_WARN_COMMA = YES;
				CLANG_WARN_CONSTANT_CONVERSION = YES;
				CLANG_WARN_DEPRECATED_OBJC_IMPLEMENTATIONS = YES;
				CLANG_WARN_DIRECT_OBJC_ISA_USAGE = YES_ERROR;
				CLANG_WARN_DOCUMENTATION_COMMENTS = YES;
				CLANG_WARN_EMPTY_BODY = YES;
				CLANG_WARN_ENUM_CONVERSION = YES;
				CLANG_WARN_INFINITE_RECURSION = YES;
				CLANG_WARN_INT_CONVERSION = YES;
				CLANG_WARN_NON_LITERAL_NULL_CONVERSION = YES;
				CLANG_WARN_OBJC_IMPLICIT_RETAIN_SELF = YES;
				CLANG_WARN_OBJC_LITERAL_CONVERSION = YES;
				CLANG_WARN_OBJC_ROOT_CLASS = YES_ERROR;
				CLANG_WARN_QUOTED_INCLUDE_IN_FRAMEWORK_HEADER = YES;
				CLANG_WARN_RANGE_LOOP_ANALYSIS = YES;
				CLANG_WARN_STRICT_PROTOTYPES = YES;
				CLANG_WARN_SUSPICIOUS_MOVE = YES;
				CLANG_WARN_UNGUARDED_AVAILABILITY = YES_AGGRESSIVE;
				CLANG_WARN_UNREACHABLE_CODE = YES;
				CLANG_WARN__DUPLICATE_METHOD_MATCH = YES;
				COPY_PHASE_STRIP = NO;
				DEBUG_INFORMATION_FORMAT = dwarf;
				ENABLE_STRICT_OBJC_MSGSEND = YES;
				ENABLE_TESTABILITY = YES;
				GCC_C_LANGUAGE_STANDARD = gnu11;
				GCC_DYNAMIC_NO_PIC = NO;
				GCC_NO_COMMON_BLOCKS = YES;
				GCC_OPTIMIZATION_LEVEL = 0;
				GCC_PREPROCESSOR_DEFINITIONS = (
					"DEBUG=1",
					"$(inherited)",
				);
				GCC_WARN_64_TO_32_BIT_CONVERSION = YES;
				GCC_WARN_ABOUT_RETURN_TYPE = YES_ERROR;
				GCC_WARN_UNDECLARED_SELECTOR = YES;
				GCC_WARN_UNINITIALIZED_AUTOS = YES_AGGRESSIVE;
				GCC_WARN_UNUSED_FUNCTION = YES;
				GCC_WARN_UNUSED_VARIABLE = YES;
				IPHONEOS_DEPLOYMENT_TARGET = 14.5;
				MTL_ENABLE_DEBUG_INFO = INCLUDE_SOURCE;
				MTL_FAST_MATH = YES;
				ONLY_ACTIVE_ARCH = YES;
				SDKROOT = iphoneos;
				SWIFT_ACTIVE_COMPILATION_CONDITIONS = DEBUG;
				SWIFT_OPTIMIZATION_LEVEL = "-Onone";
			};
			name = Debug;
		};
		6DC0671C27AA8B5700796ADB /* Release */ = {
			isa = XCBuildConfiguration;
			buildSettings = {
				ALWAYS_SEARCH_USER_PATHS = NO;
				CLANG_ANALYZER_NONNULL = YES;
				CLANG_ANALYZER_NUMBER_OBJECT_CONVERSION = YES_AGGRESSIVE;
				CLANG_CXX_LANGUAGE_STANDARD = "gnu++14";
				CLANG_CXX_LIBRARY = "libc++";
				CLANG_ENABLE_MODULES = YES;
				CLANG_ENABLE_OBJC_ARC = YES;
				CLANG_ENABLE_OBJC_WEAK = YES;
				CLANG_WARN_BLOCK_CAPTURE_AUTORELEASING = YES;
				CLANG_WARN_BOOL_CONVERSION = YES;
				CLANG_WARN_COMMA = YES;
				CLANG_WARN_CONSTANT_CONVERSION = YES;
				CLANG_WARN_DEPRECATED_OBJC_IMPLEMENTATIONS = YES;
				CLANG_WARN_DIRECT_OBJC_ISA_USAGE = YES_ERROR;
				CLANG_WARN_DOCUMENTATION_COMMENTS = YES;
				CLANG_WARN_EMPTY_BODY = YES;
				CLANG_WARN_ENUM_CONVERSION = YES;
				CLANG_WARN_INFINITE_RECURSION = YES;
				CLANG_WARN_INT_CONVERSION = YES;
				CLANG_WARN_NON_LITERAL_NULL_CONVERSION = YES;
				CLANG_WARN_OBJC_IMPLICIT_RETAIN_SELF = YES;
				CLANG_WARN_OBJC_LITERAL_CONVERSION = YES;
				CLANG_WARN_OBJC_ROOT_CLASS = YES_ERROR;
				CLANG_WARN_QUOTED_INCLUDE_IN_FRAMEWORK_HEADER = YES;
				CLANG_WARN_RANGE_LOOP_ANALYSIS = YES;
				CLANG_WARN_STRICT_PROTOTYPES = YES;
				CLANG_WARN_SUSPICIOUS_MOVE = YES;
				CLANG_WARN_UNGUARDED_AVAILABILITY = YES_AGGRESSIVE;
				CLANG_WARN_UNREACHABLE_CODE = YES;
				CLANG_WARN__DUPLICATE_METHOD_MATCH = YES;
				COPY_PHASE_STRIP = NO;
				DEBUG_INFORMATION_FORMAT = "dwarf-with-dsym";
				ENABLE_NS_ASSERTIONS = NO;
				ENABLE_STRICT_OBJC_MSGSEND = YES;
				GCC_C_LANGUAGE_STANDARD = gnu11;
				GCC_NO_COMMON_BLOCKS = YES;
				GCC_WARN_64_TO_32_BIT_CONVERSION = YES;
				GCC_WARN_ABOUT_RETURN_TYPE = YES_ERROR;
				GCC_WARN_UNDECLARED_SELECTOR = YES;
				GCC_WARN_UNINITIALIZED_AUTOS = YES_AGGRESSIVE;
				GCC_WARN_UNUSED_FUNCTION = YES;
				GCC_WARN_UNUSED_VARIABLE = YES;
				IPHONEOS_DEPLOYMENT_TARGET = 14.5;
				MTL_ENABLE_DEBUG_INFO = NO;
				MTL_FAST_MATH = YES;
				SDKROOT = iphoneos;
				SWIFT_COMPILATION_MODE = wholemodule;
				SWIFT_OPTIMIZATION_LEVEL = "-O";
				VALIDATE_PRODUCT = YES;
			};
			name = Release;
		};
		6DC0671E27AA8B5700796ADB /* Debug */ = {
			isa = XCBuildConfiguration;
			baseConfigurationReference = 378EE657C2D30ECDCCD3DBDE /* Pods-TinderCloneApp.debug.xcconfig */;
			buildSettings = {
				ASSETCATALOG_COMPILER_APPICON_NAME = AppIcon;
				ASSETCATALOG_COMPILER_GLOBAL_ACCENT_COLOR_NAME = AccentColor;
				CODE_SIGN_STYLE = Automatic;
				DEVELOPMENT_ASSET_PATHS = "\"TinderCloneApp/Preview Content\"";
				DEVELOPMENT_TEAM = 5VN324YR98;
				ENABLE_PREVIEWS = YES;
				INFOPLIST_FILE = TinderCloneApp/Info.plist;
				IPHONEOS_DEPLOYMENT_TARGET = 14.0;
				LD_RUNPATH_SEARCH_PATHS = (
					"$(inherited)",
					"@executable_path/Frameworks",
				);
				PRODUCT_BUNDLE_IDENTIFIER = com.matheusevangelista.TinderCloneApp;
				PRODUCT_NAME = "$(TARGET_NAME)";
				SWIFT_VERSION = 5.0;
				TARGETED_DEVICE_FAMILY = "1,2";
			};
			name = Debug;
		};
		6DC0671F27AA8B5700796ADB /* Release */ = {
			isa = XCBuildConfiguration;
			baseConfigurationReference = 5C093FC4E2872BFC9D3B745D /* Pods-TinderCloneApp.release.xcconfig */;
			buildSettings = {
				ASSETCATALOG_COMPILER_APPICON_NAME = AppIcon;
				ASSETCATALOG_COMPILER_GLOBAL_ACCENT_COLOR_NAME = AccentColor;
				CODE_SIGN_STYLE = Automatic;
				DEVELOPMENT_ASSET_PATHS = "\"TinderCloneApp/Preview Content\"";
				DEVELOPMENT_TEAM = 5VN324YR98;
				ENABLE_PREVIEWS = YES;
				INFOPLIST_FILE = TinderCloneApp/Info.plist;
				IPHONEOS_DEPLOYMENT_TARGET = 14.0;
				LD_RUNPATH_SEARCH_PATHS = (
					"$(inherited)",
					"@executable_path/Frameworks",
				);
				PRODUCT_BUNDLE_IDENTIFIER = com.matheusevangelista.TinderCloneApp;
				PRODUCT_NAME = "$(TARGET_NAME)";
				SWIFT_VERSION = 5.0;
				TARGETED_DEVICE_FAMILY = "1,2";
			};
			name = Release;
		};
/* End XCBuildConfiguration section */

/* Begin XCConfigurationList section */
		6DC0670927AA8B5500796ADB /* Build configuration list for PBXProject "TinderCloneApp" */ = {
			isa = XCConfigurationList;
			buildConfigurations = (
				6DC0671B27AA8B5700796ADB /* Debug */,
				6DC0671C27AA8B5700796ADB /* Release */,
			);
			defaultConfigurationIsVisible = 0;
			defaultConfigurationName = Release;
		};
		6DC0671D27AA8B5700796ADB /* Build configuration list for PBXNativeTarget "TinderCloneApp" */ = {
			isa = XCConfigurationList;
			buildConfigurations = (
				6DC0671E27AA8B5700796ADB /* Debug */,
				6DC0671F27AA8B5700796ADB /* Release */,
			);
			defaultConfigurationIsVisible = 0;
			defaultConfigurationName = Release;
		};
/* End XCConfigurationList section */

/* Begin XCRemoteSwiftPackageReference section */
		6DC5983227AB308A0061097A /* XCRemoteSwiftPackageReference "Kingfisher" */ = {
			isa = XCRemoteSwiftPackageReference;
			repositoryURL = "https://github.com/onevcat/Kingfisher.git";
			requirement = {
				kind = exactVersion;
				version = 5.15.7;
			};
		};
/* End XCRemoteSwiftPackageReference section */

/* Begin XCSwiftPackageProductDependency section */
		6DC5983327AB308A0061097A /* KingfisherSwiftUI */ = {
			isa = XCSwiftPackageProductDependency;
			package = 6DC5983227AB308A0061097A /* XCRemoteSwiftPackageReference "Kingfisher" */;
			productName = KingfisherSwiftUI;
		};
/* End XCSwiftPackageProductDependency section */
	};
	rootObject = 6DC0670627AA8B5500796ADB /* Project object */;
}
